
Microsoft Visual Studio Solution File, Format Version 12.00
# Visual Studio Version 16
VisualStudioVersion = 16.0.30804.86
MinimumVisualStudioVersion = 10.0.40219.1
Project("{FAE04EC0-301F-11D3-BF4B-00C04F79EFBC}") = "NHL_Updater", "NHL_Updater.csproj", "{BBFE54C9-DE43-4A6F-AAF6-AED34F73F3C9}"
EndProject
Global
	GlobalSection(SolutionConfigurationPlatforms) = preSolution
		Debug|Any CPU = Debug|Any CPU
		Release|Any CPU = Release|Any CPU
	EndGlobalSection
	GlobalSection(ProjectConfigurationPlatforms) = postSolution
		{BBFE54C9-DE43-4A6F-AAF6-AED34F73F3C9}.Debug|Any CPU.ActiveCfg = Debug|Any CPU
		{BBFE54C9-DE43-4A6F-AAF6-AED34F73F3C9}.Debug|Any CPU.Build.0 = Debug|Any CPU
		{BBFE54C9-DE43-4A6F-AAF6-AED34F73F3C9}.Release|Any CPU.ActiveCfg = Release|Any CPU
		{BBFE54C9-DE43-4A6F-AAF6-AED34F73F3C9}.Release|Any CPU.Build.0 = Release|Any CPU
	EndGlobalSection
	GlobalSection(SolutionProperties) = preSolution
		HideSolutionNode = FALSE
	EndGlobalSection
	GlobalSection(ExtensibilityGlobals) = postSolution
		SolutionGuid = {DE3B4280-D89C-43FE-8F51-55CDA565806F}
	EndGlobalSection
EndGlobal
